
Microsoft Visual Studio Solution File, Format Version 12.00
# Visual Studio 15
Project("{FAE04EC0-301F-11D3-BF4B-00C04F79EFBC}") = "UnityEngine.TestRunner", "UnityEngine.TestRunner.csproj", "{43733A77-CA8D-088A-3E32-275891F62BA8}"
EndProject
Project("{FAE04EC0-301F-11D3-BF4B-00C04F79EFBC}") = "Unity.Timeline", "Unity.Timeline.csproj", "{11CD9C4B-439A-E9B2-2B43-F07E6EB0A981}"
EndProject
Project("{FAE04EC0-301F-11D3-BF4B-00C04F79EFBC}") = "UnityEngine.UI", "UnityEngine.UI.csproj", "{C3F145DC-A2D6-5CFE-52A0-19B02F473A59}"
EndProject
Project("{FAE04EC0-301F-11D3-BF4B-00C04F79EFBC}") = "Unity.TextMeshPro", "Unity.TextMeshPro.csproj", "{BBB7A3F6-B859-706A-B54C-7016CF00ECF2}"
EndProject
Project("{FAE04EC0-301F-11D3-BF4B-00C04F79EFBC}") = "Assembly-CSharp", "Assembly-CSharp.csproj", "{B5B68CAC-D6ED-8B02-E117-628572AD294A}"
EndProject
Project("{FAE04EC0-301F-11D3-BF4B-00C04F79EFBC}") = "Unity.TerrainTools", "Unity.TerrainTools.csproj", "{DF182DEC-E782-0440-E4E3-4ECC7DC063A4}"
EndProject
Project("{FAE04EC0-301F-11D3-BF4B-00C04F79EFBC}") = "UnityEditor.TestRunner", "UnityEditor.TestRunner.csproj", "{8811E271-6CBA-5465-5E4A-9C6CFB8D663C}"
EndProject
Project("{FAE04EC0-301F-11D3-BF4B-00C04F79EFBC}") = "Unity.PlasticSCM.Editor", "Unity.PlasticSCM.Editor.csproj", "{1A1AF201-5E22-220A-7C40-E04CCDF119E0}"
EndProject
Project("{FAE04EC0-301F-11D3-BF4B-00C04F79EFBC}") = "Unity.TerrainTools.Editor", "Unity.TerrainTools.Editor.csproj", "{42B759AD-5F7E-37B9-1F0C-7EF396CF1032}"
EndProject
Project("{FAE04EC0-301F-11D3-BF4B-00C04F79EFBC}") = "UnityEditor.UI", "UnityEditor.UI.csproj", "{A27825F0-ECC7-7C99-14F1-8E578D6C2F03}"
EndProject
Project("{FAE04EC0-301F-11D3-BF4B-00C04F79EFBC}") = "Unity.Services.Core.Editor", "Unity.Services.Core.Editor.csproj", "{C6400463-4AD9-7910-3310-DEE496ACA551}"
EndProject
Project("{FAE04EC0-301F-11D3-BF4B-00C04F79EFBC}") = "Unity.Timeline.Editor", "Unity.Timeline.Editor.csproj", "{588BB4EB-617C-0C2C-978A-893D19CD22F5}"
EndProject
Project("{FAE04EC0-301F-11D3-BF4B-00C04F79EFBC}") = "Unity.VisualStudio.Editor", "Unity.VisualStudio.Editor.csproj", "{B3DE6A81-1683-113C-E243-EA0BBBC3F7FF}"
EndProject
Project("{FAE04EC0-301F-11D3-BF4B-00C04F79EFBC}") = "Unity.TextMeshPro.Editor", "Unity.TextMeshPro.Editor.csproj", "{8E89365D-84FA-774B-C1FA-C276E62DE1C4}"
EndProject
Project("{FAE04EC0-301F-11D3-BF4B-00C04F79EFBC}") = "Unity.CollabProxy.Editor", "Unity.CollabProxy.Editor.csproj", "{824DA4FF-7151-27BF-4E56-A14C609D51A0}"
EndProject
Project("{FAE04EC0-301F-11D3-BF4B-00C04F79EFBC}") = "Unity.Rider.Editor", "Unity.Rider.Editor.csproj", "{E79396B6-91A4-B066-9B86-7D7592908C9F}"
EndProject
Project("{FAE04EC0-301F-11D3-BF4B-00C04F79EFBC}") = "Unity.VSCode.Editor", "Unity.VSCode.Editor.csproj", "{0C68ABF3-E148-DD80-086F-DFF18C7F5C06}"
EndProject
Project("{FAE04EC0-301F-11D3-BF4B-00C04F79EFBC}") = "Assembly-CSharp-Editor", "Assembly-CSharp-Editor.csproj", "{54BCABE6-2DE3-8005-7A33-A6A6F48D28C6}"
EndProject
Project("{FAE04EC0-301F-11D3-BF4B-00C04F79EFBC}") = "UnityEngine.TestRunner", "UnityEngine.TestRunner.Player.csproj", "{F400085B-C298-0316-FF4F-FB2E43BF4200}"
EndProject
Project("{FAE04EC0-301F-11D3-BF4B-00C04F79EFBC}") = "Unity.Timeline", "Unity.Timeline.Player.csproj", "{5025AB00-F726-C916-6A57-BF7A55CB0107}"
EndProject
Project("{FAE04EC0-301F-11D3-BF4B-00C04F79EFBC}") = "UnityEngine.UI", "UnityEngine.UI.Player.csproj", "{924FF141-2AA8-7ECA-972A-7BB30812DCAC}"
EndProject
Project("{FAE04EC0-301F-11D3-BF4B-00C04F79EFBC}") = "Unity.TextMeshPro", "Unity.TextMeshPro.Player.csproj", "{488C2E58-1220-F369-539B-F27E30CC610D}"
EndProject
Project("{FAE04EC0-301F-11D3-BF4B-00C04F79EFBC}") = "Assembly-CSharp", "Assembly-CSharp.Player.csproj", "{AAB0B076-E2C0-CBF5-E8D5-69DB1E7177A5}"
EndProject
Project("{FAE04EC0-301F-11D3-BF4B-00C04F79EFBC}") = "Unity.TerrainTools", "Unity.TerrainTools.Player.csproj", "{E284CF54-5BCE-A619-C221-3094BB77E86D}"
EndProject
Global
	GlobalSection(SolutionConfigurationPlatforms) = preSolution
		Debug|Any CPU = Debug|Any CPU
		Release|Any CPU = Release|Any CPU
	EndGlobalSection
	GlobalSection(ProjectConfigurationPlatforms) = postSolution
		{43733A77-CA8D-088A-3E32-275891F62BA8}.Debug|Any CPU.ActiveCfg = Debug|Any CPU
		{43733A77-CA8D-088A-3E32-275891F62BA8}.Debug|Any CPU.Build.0 = Debug|Any CPU
		{43733A77-CA8D-088A-3E32-275891F62BA8}.Release|Any CPU.ActiveCfg = Release|Any CPU
		{43733A77-CA8D-088A-3E32-275891F62BA8}.Release|Any CPU.Build.0 = Release|Any CPU
		{11CD9C4B-439A-E9B2-2B43-F07E6EB0A981}.Debug|Any CPU.ActiveCfg = Debug|Any CPU
		{11CD9C4B-439A-E9B2-2B43-F07E6EB0A981}.Debug|Any CPU.Build.0 = Debug|Any CPU
		{11CD9C4B-439A-E9B2-2B43-F07E6EB0A981}.Release|Any CPU.ActiveCfg = Release|Any CPU
		{11CD9C4B-439A-E9B2-2B43-F07E6EB0A981}.Release|Any CPU.Build.0 = Release|Any CPU
		{C3F145DC-A2D6-5CFE-52A0-19B02F473A59}.Debug|Any CPU.ActiveCfg = Debug|Any CPU
		{C3F145DC-A2D6-5CFE-52A0-19B02F473A59}.Debug|Any CPU.Build.0 = Debug|Any CPU
		{C3F145DC-A2D6-5CFE-52A0-19B02F473A59}.Release|Any CPU.ActiveCfg = Release|Any CPU
		{C3F145DC-A2D6-5CFE-52A0-19B02F473A59}.Release|Any CPU.Build.0 = Release|Any CPU
		{BBB7A3F6-B859-706A-B54C-7016CF00ECF2}.Debug|Any CPU.ActiveCfg = Debug|Any CPU
		{BBB7A3F6-B859-706A-B54C-7016CF00ECF2}.Debug|Any CPU.Build.0 = Debug|Any CPU
		{BBB7A3F6-B859-706A-B54C-7016CF00ECF2}.Release|Any CPU.ActiveCfg = Release|Any CPU
		{BBB7A3F6-B859-706A-B54C-7016CF00ECF2}.Release|Any CPU.Build.0 = Release|Any CPU
		{B5B68CAC-D6ED-8B02-E117-628572AD294A}.Debug|Any CPU.ActiveCfg = Debug|Any CPU
		{B5B68CAC-D6ED-8B02-E117-628572AD294A}.Debug|Any CPU.Build.0 = Debug|Any CPU
		{B5B68CAC-D6ED-8B02-E117-628572AD294A}.Release|Any CPU.ActiveCfg = Release|Any CPU
		{B5B68CAC-D6ED-8B02-E117-628572AD294A}.Release|Any CPU.Build.0 = Release|Any CPU
		{DF182DEC-E782-0440-E4E3-4ECC7DC063A4}.Debug|Any CPU.ActiveCfg = Debug|Any CPU
		{DF182DEC-E782-0440-E4E3-4ECC7DC063A4}.Debug|Any CPU.Build.0 = Debug|Any CPU
		{DF182DEC-E782-0440-E4E3-4ECC7DC063A4}.Release|Any CPU.ActiveCfg = Release|Any CPU
		{DF182DEC-E782-0440-E4E3-4ECC7DC063A4}.Release|Any CPU.Build.0 = Release|Any CPU
		{8811E271-6CBA-5465-5E4A-9C6CFB8D663C}.Debug|Any CPU.ActiveCfg = Debug|Any CPU
		{8811E271-6CBA-5465-5E4A-9C6CFB8D663C}.Debug|Any CPU.Build.0 = Debug|Any CPU
		{8811E271-6CBA-5465-5E4A-9C6CFB8D663C}.Release|Any CPU.ActiveCfg = Release|Any CPU
		{8811E271-6CBA-5465-5E4A-9C6CFB8D663C}.Release|Any CPU.Build.0 = Release|Any CPU
		{1A1AF201-5E22-220A-7C40-E04CCDF119E0}.Debug|Any CPU.ActiveCfg = Debug|Any CPU
		{1A1AF201-5E22-220A-7C40-E04CCDF119E0}.Debug|Any CPU.Build.0 = Debug|Any CPU
		{1A1AF201-5E22-220A-7C40-E04CCDF119E0}.Release|Any CPU.ActiveCfg = Release|Any CPU
		{1A1AF201-5E22-220A-7C40-E04CCDF119E0}.Release|Any CPU.Build.0 = Release|Any CPU
		{42B759AD-5F7E-37B9-1F0C-7EF396CF1032}.Debug|Any CPU.ActiveCfg = Debug|Any CPU
		{42B759AD-5F7E-37B9-1F0C-7EF396CF1032}.Debug|Any CPU.Build.0 = Debug|Any CPU
		{42B759AD-5F7E-37B9-1F0C-7EF396CF1032}.Release|Any CPU.ActiveCfg = Release|Any CPU
		{42B759AD-5F7E-37B9-1F0C-7EF396CF1032}.Release|Any CPU.Build.0 = Release|Any CPU
		{A27825F0-ECC7-7C99-14F1-8E578D6C2F03}.Debug|Any CPU.ActiveCfg = Debug|Any CPU
		{A27825F0-ECC7-7C99-14F1-8E578D6C2F03}.Debug|Any CPU.Build.0 = Debug|Any CPU
		{A27825F0-ECC7-7C99-14F1-8E578D6C2F03}.Release|Any CPU.ActiveCfg = Release|Any CPU
		{A27825F0-ECC7-7C99-14F1-8E578D6C2F03}.Release|Any CPU.Build.0 = Release|Any CPU
		{C6400463-4AD9-7910-3310-DEE496ACA551}.Debug|Any CPU.ActiveCfg = Debug|Any CPU
		{C6400463-4AD9-7910-3310-DEE496ACA551}.Debug|Any CPU.Build.0 = Debug|Any CPU
		{C6400463-4AD9-7910-3310-DEE496ACA551}.Release|Any CPU.ActiveCfg = Release|Any CPU
		{C6400463-4AD9-7910-3310-DEE496ACA551}.Release|Any CPU.Build.0 = Release|Any CPU
		{588BB4EB-617C-0C2C-978A-893D19CD22F5}.Debug|Any CPU.ActiveCfg = Debug|Any CPU
		{588BB4EB-617C-0C2C-978A-893D19CD22F5}.Debug|Any CPU.Build.0 = Debug|Any CPU
		{588BB4EB-617C-0C2C-978A-893D19CD22F5}.Release|Any CPU.ActiveCfg = Release|Any CPU
		{588BB4EB-617C-0C2C-978A-893D19CD22F5}.Release|Any CPU.Build.0 = Release|Any CPU
		{B3DE6A81-1683-113C-E243-EA0BBBC3F7FF}.Debug|Any CPU.ActiveCfg = Debug|Any CPU
		{B3DE6A81-1683-113C-E243-EA0BBBC3F7FF}.Debug|Any CPU.Build.0 = Debug|Any CPU
		{B3DE6A81-1683-113C-E243-EA0BBBC3F7FF}.Release|Any CPU.ActiveCfg = Release|Any CPU
		{B3DE6A81-1683-113C-E243-EA0BBBC3F7FF}.Release|Any CPU.Build.0 = Release|Any CPU
		{8E89365D-84FA-774B-C1FA-C276E62DE1C4}.Debug|Any CPU.ActiveCfg = Debug|Any CPU
		{8E89365D-84FA-774B-C1FA-C276E62DE1C4}.Debug|Any CPU.Build.0 = Debug|Any CPU
		{8E89365D-84FA-774B-C1FA-C276E62DE1C4}.Release|Any CPU.ActiveCfg = Release|Any CPU
		{8E89365D-84FA-774B-C1FA-C276E62DE1C4}.Release|Any CPU.Build.0 = Release|Any CPU
		{824DA4FF-7151-27BF-4E56-A14C609D51A0}.Debug|Any CPU.ActiveCfg = Debug|Any CPU
		{824DA4FF-7151-27BF-4E56-A14C609D51A0}.Debug|Any CPU.Build.0 = Debug|Any CPU
		{824DA4FF-7151-27BF-4E56-A14C609D51A0}.Release|Any CPU.ActiveCfg = Release|Any CPU
		{824DA4FF-7151-27BF-4E56-A14C609D51A0}.Release|Any CPU.Build.0 = Release|Any CPU
		{E79396B6-91A4-B066-9B86-7D7592908C9F}.Debug|Any CPU.ActiveCfg = Debug|Any CPU
		{E79396B6-91A4-B066-9B86-7D7592908C9F}.Debug|Any CPU.Build.0 = Debug|Any CPU
		{E79396B6-91A4-B066-9B86-7D7592908C9F}.Release|Any CPU.ActiveCfg = Release|Any CPU
		{E79396B6-91A4-B066-9B86-7D7592908C9F}.Release|Any CPU.Build.0 = Release|Any CPU
		{0C68ABF3-E148-DD80-086F-DFF18C7F5C06}.Debug|Any CPU.ActiveCfg = Debug|Any CPU
		{0C68ABF3-E148-DD80-086F-DFF18C7F5C06}.Debug|Any CPU.Build.0 = Debug|Any CPU
		{0C68ABF3-E148-DD80-086F-DFF18C7F5C06}.Release|Any CPU.ActiveCfg = Release|Any CPU
		{0C68ABF3-E148-DD80-086F-DFF18C7F5C06}.Release|Any CPU.Build.0 = Release|Any CPU
		{54BCABE6-2DE3-8005-7A33-A6A6F48D28C6}.Debug|Any CPU.ActiveCfg = Debug|Any CPU
		{54BCABE6-2DE3-8005-7A33-A6A6F48D28C6}.Debug|Any CPU.Build.0 = Debug|Any CPU
		{54BCABE6-2DE3-8005-7A33-A6A6F48D28C6}.Release|Any CPU.ActiveCfg = Release|Any CPU
		{54BCABE6-2DE3-8005-7A33-A6A6F48D28C6}.Release|Any CPU.Build.0 = Release|Any CPU
		{F400085B-C298-0316-FF4F-FB2E43BF4200}.Debug|Any CPU.ActiveCfg = Debug|Any CPU
		{F400085B-C298-0316-FF4F-FB2E43BF4200}.Debug|Any CPU.Build.0 = Debug|Any CPU
		{F400085B-C298-0316-FF4F-FB2E43BF4200}.Release|Any CPU.ActiveCfg = Release|Any CPU
		{F400085B-C298-0316-FF4F-FB2E43BF4200}.Release|Any CPU.Build.0 = Release|Any CPU
		{5025AB00-F726-C916-6A57-BF7A55CB0107}.Debug|Any CPU.ActiveCfg = Debug|Any CPU
		{5025AB00-F726-C916-6A57-BF7A55CB0107}.Debug|Any CPU.Build.0 = Debug|Any CPU
		{5025AB00-F726-C916-6A57-BF7A55CB0107}.Release|Any CPU.ActiveCfg = Release|Any CPU
		{5025AB00-F726-C916-6A57-BF7A55CB0107}.Release|Any CPU.Build.0 = Release|Any CPU
		{924FF141-2AA8-7ECA-972A-7BB30812DCAC}.Debug|Any CPU.ActiveCfg = Debug|Any CPU
		{924FF141-2AA8-7ECA-972A-7BB30812DCAC}.Debug|Any CPU.Build.0 = Debug|Any CPU
		{924FF141-2AA8-7ECA-972A-7BB30812DCAC}.Release|Any CPU.ActiveCfg = Release|Any CPU
		{924FF141-2AA8-7ECA-972A-7BB30812DCAC}.Release|Any CPU.Build.0 = Release|Any CPU
		{488C2E58-1220-F369-539B-F27E30CC610D}.Debug|Any CPU.ActiveCfg = Debug|Any CPU
		{488C2E58-1220-F369-539B-F27E30CC610D}.Debug|Any CPU.Build.0 = Debug|Any CPU
		{488C2E58-1220-F369-539B-F27E30CC610D}.Release|Any CPU.ActiveCfg = Release|Any CPU
		{488C2E58-1220-F369-539B-F27E30CC610D}.Release|Any CPU.Build.0 = Release|Any CPU
		{AAB0B076-E2C0-CBF5-E8D5-69DB1E7177A5}.Debug|Any CPU.ActiveCfg = Debug|Any CPU
		{AAB0B076-E2C0-CBF5-E8D5-69DB1E7177A5}.Debug|Any CPU.Build.0 = Debug|Any CPU
		{AAB0B076-E2C0-CBF5-E8D5-69DB1E7177A5}.Release|Any CPU.ActiveCfg = Release|Any CPU
		{AAB0B076-E2C0-CBF5-E8D5-69DB1E7177A5}.Release|Any CPU.Build.0 = Release|Any CPU
		{E284CF54-5BCE-A619-C221-3094BB77E86D}.Debug|Any CPU.ActiveCfg = Debug|Any CPU
		{E284CF54-5BCE-A619-C221-3094BB77E86D}.Debug|Any CPU.Build.0 = Debug|Any CPU
		{E284CF54-5BCE-A619-C221-3094BB77E86D}.Release|Any CPU.ActiveCfg = Release|Any CPU
		{E284CF54-5BCE-A619-C221-3094BB77E86D}.Release|Any CPU.Build.0 = Release|Any CPU
	EndGlobalSection
	GlobalSection(SolutionProperties) = preSolution
		HideSolutionNode = FALSE
	EndGlobalSection
EndGlobal
